
Microsoft Visual Studio Solution File, Format Version 12.00
# Visual Studio 15
VisualStudioVersion = 15.0.27004.2005
MinimumVisualStudioVersion = 10.0.40219.1
Project("{FAE04EC0-301F-11D3-BF4B-00C04F79EFBC}") = "FedExShipping", "FedExShipping\FedExShipping.csproj", "{BC3F8404-3BEA-44DB-8198-C0C8B7D79D89}"
EndProject
Project("{54435603-DBB4-11D2-8724-00A0C9A8B90C}") = "Fed", "Fed\Fed.vdproj", "{657E63CC-8031-407A-BCED-7F59BE46CBCC}"
EndProject
Global
	GlobalSection(SolutionConfigurationPlatforms) = preSolution
		Debug|Any CPU = Debug|Any CPU
		Release|Any CPU = Release|Any CPU
	EndGlobalSection
	GlobalSection(ProjectConfigurationPlatforms) = postSolution
		{BC3F8404-3BEA-44DB-8198-C0C8B7D79D89}.Debug|Any CPU.ActiveCfg = Debug|Any CPU
		{BC3F8404-3BEA-44DB-8198-C0C8B7D79D89}.Debug|Any CPU.Build.0 = Debug|Any CPU
		{BC3F8404-3BEA-44DB-8198-C0C8B7D79D89}.Release|Any CPU.ActiveCfg = Release|Any CPU
		{BC3F8404-3BEA-44DB-8198-C0C8B7D79D89}.Release|Any CPU.Build.0 = Release|Any CPU
		{657E63CC-8031-407A-BCED-7F59BE46CBCC}.Debug|Any CPU.ActiveCfg = Debug
		{657E63CC-8031-407A-BCED-7F59BE46CBCC}.Release|Any CPU.ActiveCfg = Release
	EndGlobalSection
	GlobalSection(SolutionProperties) = preSolution
		HideSolutionNode = FALSE
	EndGlobalSection
	GlobalSection(ExtensibilityGlobals) = postSolution
		SolutionGuid = {22A5AB23-AB93-4838-8AF4-4A5A822D3658}
	EndGlobalSection
EndGlobal
